// !$*UTF8*$!
{
	archiveVersion = 1;
	classes = {
	};
	objectVersion = 51;
	objects = {

/* Begin PBXBuildFile section */
		36515E50F2D383458BEBF6E0 /* Pods_TestingAppTests.framework in Frameworks */ = {isa = PBXBuildFile; fileRef = 022A6BDE72FA147A9CA4BBB5 /* Pods_TestingAppTests.framework */; };
		A44BFDE1262E3CC100394A68 /* MapViewController.swift in Sources */ = {isa = PBXBuildFile; fileRef = A44BFDE0262E3CC100394A68 /* MapViewController.swift */; };
		A47B52212633462900E7B148 /* TestingSite.swift in Sources */ = {isa = PBXBuildFile; fileRef = A47B52202633462900E7B148 /* TestingSite.swift */; };
		A4BE4A7A26340B8600C07001 /* TestCount.swift in Sources */ = {isa = PBXBuildFile; fileRef = A4BE4A7926340B8600C07001 /* TestCount.swift */; };
		A4EE0398261172EC0003B946 /* AppDelegate.swift in Sources */ = {isa = PBXBuildFile; fileRef = A4EE0397261172EC0003B946 /* AppDelegate.swift */; };
		A4EE039A261172EC0003B946 /* SceneDelegate.swift in Sources */ = {isa = PBXBuildFile; fileRef = A4EE0399261172EC0003B946 /* SceneDelegate.swift */; };
		A4EE039C261172EC0003B946 /* HomeViewController.swift in Sources */ = {isa = PBXBuildFile; fileRef = A4EE039B261172EC0003B946 /* HomeViewController.swift */; };
		A4EE039F261172EC0003B946 /* Main.storyboard in Resources */ = {isa = PBXBuildFile; fileRef = A4EE039D261172EC0003B946 /* Main.storyboard */; };
		A4EE03A1261172EF0003B946 /* Assets.xcassets in Resources */ = {isa = PBXBuildFile; fileRef = A4EE03A0261172EF0003B946 /* Assets.xcassets */; };
		A4EE03A4261172EF0003B946 /* LaunchScreen.storyboard in Resources */ = {isa = PBXBuildFile; fileRef = A4EE03A2261172EF0003B946 /* LaunchScreen.storyboard */; };
		A4EE03AF261172F00003B946 /* TestingAppTests.swift in Sources */ = {isa = PBXBuildFile; fileRef = A4EE03AE261172F00003B946 /* TestingAppTests.swift */; };
		A4EE03BA261172F00003B946 /* TestingAppUITests.swift in Sources */ = {isa = PBXBuildFile; fileRef = A4EE03B9261172F00003B946 /* TestingAppUITests.swift */; };
		A4FEBBA126262122002090D6 /* Avatar.swift in Sources */ = {isa = PBXBuildFile; fileRef = A4FEBBA026262122002090D6 /* Avatar.swift */; };
		CD059AF3F873CC5898051C7A /* Pods_TestingApp_TestingAppUITests.framework in Frameworks */ = {isa = PBXBuildFile; fileRef = B0B647F6B912D750F37980C6 /* Pods_TestingApp_TestingAppUITests.framework */; };
		F60EA2BCADCE74CDFE2AE7D0 /* Pods_TestingApp.framework in Frameworks */ = {isa = PBXBuildFile; fileRef = F1F7F2DA47837B6653E466F0 /* Pods_TestingApp.framework */; };
/* End PBXBuildFile section */

/* Begin PBXContainerItemProxy section */
		A4EE03AB261172F00003B946 /* PBXContainerItemProxy */ = {
			isa = PBXContainerItemProxy;
			containerPortal = A4EE038C261172EC0003B946 /* Project object */;
			proxyType = 1;
			remoteGlobalIDString = A4EE0393261172EC0003B946;
			remoteInfo = TestingApp;
		};
		A4EE03B6261172F00003B946 /* PBXContainerItemProxy */ = {
			isa = PBXContainerItemProxy;
			containerPortal = A4EE038C261172EC0003B946 /* Project object */;
			proxyType = 1;
			remoteGlobalIDString = A4EE0393261172EC0003B946;
			remoteInfo = TestingApp;
		};
/* End PBXContainerItemProxy section */

/* Begin PBXFileReference section */
		022A6BDE72FA147A9CA4BBB5 /* Pods_TestingAppTests.framework */ = {isa = PBXFileReference; explicitFileType = wrapper.framework; includeInIndex = 0; path = Pods_TestingAppTests.framework; sourceTree = BUILT_PRODUCTS_DIR; };
		172C8B9F0A7FBD1CD9B34A2F /* Pods-TestingApp.debug.xcconfig */ = {isa = PBXFileReference; includeInIndex = 1; lastKnownFileType = text.xcconfig; name = "Pods-TestingApp.debug.xcconfig"; path = "Target Support Files/Pods-TestingApp/Pods-TestingApp.debug.xcconfig"; sourceTree = "<group>"; };
		287D707FE8E128F9E40FAD7F /* Pods-TestingApp-TestingAppUITests.release.xcconfig */ = {isa = PBXFileReference; includeInIndex = 1; lastKnownFileType = text.xcconfig; name = "Pods-TestingApp-TestingAppUITests.release.xcconfig"; path = "Target Support Files/Pods-TestingApp-TestingAppUITests/Pods-TestingApp-TestingAppUITests.release.xcconfig"; sourceTree = "<group>"; };
		3DD2BB8FB1A4F4D877F7326E /* Pods-TestingAppTests.debug.xcconfig */ = {isa = PBXFileReference; includeInIndex = 1; lastKnownFileType = text.xcconfig; name = "Pods-TestingAppTests.debug.xcconfig"; path = "Target Support Files/Pods-TestingAppTests/Pods-TestingAppTests.debug.xcconfig"; sourceTree = "<group>"; };
		908F81EF206A4BE16DE98DDB /* Pods-TestingApp.release.xcconfig */ = {isa = PBXFileReference; includeInIndex = 1; lastKnownFileType = text.xcconfig; name = "Pods-TestingApp.release.xcconfig"; path = "Target Support Files/Pods-TestingApp/Pods-TestingApp.release.xcconfig"; sourceTree = "<group>"; };
		92E14964CFCAFA85B9805888 /* Pods-TestingAppTests.release.xcconfig */ = {isa = PBXFileReference; includeInIndex = 1; lastKnownFileType = text.xcconfig; name = "Pods-TestingAppTests.release.xcconfig"; path = "Target Support Files/Pods-TestingAppTests/Pods-TestingAppTests.release.xcconfig"; sourceTree = "<group>"; };
		A44BFDE0262E3CC100394A68 /* MapViewController.swift */ = {isa = PBXFileReference; lastKnownFileType = sourcecode.swift; path = MapViewController.swift; sourceTree = "<group>"; };
		A47B52202633462900E7B148 /* TestingSite.swift */ = {isa = PBXFileReference; lastKnownFileType = sourcecode.swift; path = TestingSite.swift; sourceTree = "<group>"; };
		A4BE4A7926340B8600C07001 /* TestCount.swift */ = {isa = PBXFileReference; lastKnownFileType = sourcecode.swift; path = TestCount.swift; sourceTree = "<group>"; };
		A4EE0394261172EC0003B946 /* TestingApp.app */ = {isa = PBXFileReference; explicitFileType = wrapper.application; includeInIndex = 0; path = TestingApp.app; sourceTree = BUILT_PRODUCTS_DIR; };
		A4EE0397261172EC0003B946 /* AppDelegate.swift */ = {isa = PBXFileReference; lastKnownFileType = sourcecode.swift; path = AppDelegate.swift; sourceTree = "<group>"; };
		A4EE0399261172EC0003B946 /* SceneDelegate.swift */ = {isa = PBXFileReference; lastKnownFileType = sourcecode.swift; path = SceneDelegate.swift; sourceTree = "<group>"; };
		A4EE039B261172EC0003B946 /* HomeViewController.swift */ = {isa = PBXFileReference; lastKnownFileType = sourcecode.swift; path = HomeViewController.swift; sourceTree = "<group>"; };
		A4EE039E261172EC0003B946 /* Base */ = {isa = PBXFileReference; lastKnownFileType = file.storyboard; name = Base; path = Base.lproj/Main.storyboard; sourceTree = "<group>"; };
		A4EE03A0261172EF0003B946 /* Assets.xcassets */ = {isa = PBXFileReference; lastKnownFileType = folder.assetcatalog; path = Assets.xcassets; sourceTree = "<group>"; };
		A4EE03A3261172EF0003B946 /* Base */ = {isa = PBXFileReference; lastKnownFileType = file.storyboard; name = Base; path = Base.lproj/LaunchScreen.storyboard; sourceTree = "<group>"; };
		A4EE03A5261172EF0003B946 /* Info.plist */ = {isa = PBXFileReference; lastKnownFileType = text.plist.xml; path = Info.plist; sourceTree = "<group>"; };
		A4EE03AA261172F00003B946 /* TestingAppTests.xctest */ = {isa = PBXFileReference; explicitFileType = wrapper.cfbundle; includeInIndex = 0; path = TestingAppTests.xctest; sourceTree = BUILT_PRODUCTS_DIR; };
		A4EE03AE261172F00003B946 /* TestingAppTests.swift */ = {isa = PBXFileReference; lastKnownFileType = sourcecode.swift; path = TestingAppTests.swift; sourceTree = "<group>"; };
		A4EE03B0261172F00003B946 /* Info.plist */ = {isa = PBXFileReference; lastKnownFileType = text.plist.xml; path = Info.plist; sourceTree = "<group>"; };
		A4EE03B5261172F00003B946 /* TestingAppUITests.xctest */ = {isa = PBXFileReference; explicitFileType = wrapper.cfbundle; includeInIndex = 0; path = TestingAppUITests.xctest; sourceTree = BUILT_PRODUCTS_DIR; };
		A4EE03B9261172F00003B946 /* TestingAppUITests.swift */ = {isa = PBXFileReference; lastKnownFileType = sourcecode.swift; path = TestingAppUITests.swift; sourceTree = "<group>"; };
		A4EE03BB261172F00003B946 /* Info.plist */ = {isa = PBXFileReference; lastKnownFileType = text.plist.xml; path = Info.plist; sourceTree = "<group>"; };
		A4FEBBA026262122002090D6 /* Avatar.swift */ = {isa = PBXFileReference; lastKnownFileType = sourcecode.swift; path = Avatar.swift; sourceTree = "<group>"; };
		A78E4C3B36C0BC95DCF76554 /* Pods-TestingApp-TestingAppUITests.debug.xcconfig */ = {isa = PBXFileReference; includeInIndex = 1; lastKnownFileType = text.xcconfig; name = "Pods-TestingApp-TestingAppUITests.debug.xcconfig"; path = "Target Support Files/Pods-TestingApp-TestingAppUITests/Pods-TestingApp-TestingAppUITests.debug.xcconfig"; sourceTree = "<group>"; };
		B0B647F6B912D750F37980C6 /* Pods_TestingApp_TestingAppUITests.framework */ = {isa = PBXFileReference; explicitFileType = wrapper.framework; includeInIndex = 0; path = Pods_TestingApp_TestingAppUITests.framework; sourceTree = BUILT_PRODUCTS_DIR; };
		F1F7F2DA47837B6653E466F0 /* Pods_TestingApp.framework */ = {isa = PBXFileReference; explicitFileType = wrapper.framework; includeInIndex = 0; path = Pods_TestingApp.framework; sourceTree = BUILT_PRODUCTS_DIR; };
/* End PBXFileReference section */

/* Begin PBXFrameworksBuildPhase section */
		A4EE0391261172EC0003B946 /* Frameworks */ = {
			isa = PBXFrameworksBuildPhase;
			buildActionMask = 2147483647;
			files = (
				F60EA2BCADCE74CDFE2AE7D0 /* Pods_TestingApp.framework in Frameworks */,
			);
			runOnlyForDeploymentPostprocessing = 0;
		};
		A4EE03A7261172F00003B946 /* Frameworks */ = {
			isa = PBXFrameworksBuildPhase;
			buildActionMask = 2147483647;
			files = (
				36515E50F2D383458BEBF6E0 /* Pods_TestingAppTests.framework in Frameworks */,
			);
			runOnlyForDeploymentPostprocessing = 0;
		};
		A4EE03B2261172F00003B946 /* Frameworks */ = {
			isa = PBXFrameworksBuildPhase;
			buildActionMask = 2147483647;
			files = (
				CD059AF3F873CC5898051C7A /* Pods_TestingApp_TestingAppUITests.framework in Frameworks */,
			);
			runOnlyForDeploymentPostprocessing = 0;
		};
/* End PBXFrameworksBuildPhase section */

/* Begin PBXGroup section */
		4F469A8706F02747B48EA356 /* Pods */ = {
			isa = PBXGroup;
			children = (
				172C8B9F0A7FBD1CD9B34A2F /* Pods-TestingApp.debug.xcconfig */,
				908F81EF206A4BE16DE98DDB /* Pods-TestingApp.release.xcconfig */,
				A78E4C3B36C0BC95DCF76554 /* Pods-TestingApp-TestingAppUITests.debug.xcconfig */,
				287D707FE8E128F9E40FAD7F /* Pods-TestingApp-TestingAppUITests.release.xcconfig */,
				3DD2BB8FB1A4F4D877F7326E /* Pods-TestingAppTests.debug.xcconfig */,
				92E14964CFCAFA85B9805888 /* Pods-TestingAppTests.release.xcconfig */,
			);
			path = Pods;
			sourceTree = "<group>";
		};
		6F5137490B68F14FFDCC2118 /* Frameworks */ = {
			isa = PBXGroup;
			children = (
				F1F7F2DA47837B6653E466F0 /* Pods_TestingApp.framework */,
				B0B647F6B912D750F37980C6 /* Pods_TestingApp_TestingAppUITests.framework */,
				022A6BDE72FA147A9CA4BBB5 /* Pods_TestingAppTests.framework */,
			);
			name = Frameworks;
			sourceTree = "<group>";
		};
		A4EE038B261172EC0003B946 = {
			isa = PBXGroup;
			children = (
				A4EE0396261172EC0003B946 /* TestingApp */,
				A4EE03AD261172F00003B946 /* TestingAppTests */,
				A4EE03B8261172F00003B946 /* TestingAppUITests */,
				A4EE0395261172EC0003B946 /* Products */,
				4F469A8706F02747B48EA356 /* Pods */,
				6F5137490B68F14FFDCC2118 /* Frameworks */,
			);
			sourceTree = "<group>";
		};
		A4EE0395261172EC0003B946 /* Products */ = {
			isa = PBXGroup;
			children = (
				A4EE0394261172EC0003B946 /* TestingApp.app */,
				A4EE03AA261172F00003B946 /* TestingAppTests.xctest */,
				A4EE03B5261172F00003B946 /* TestingAppUITests.xctest */,
			);
			name = Products;
			sourceTree = "<group>";
		};
		A4EE0396261172EC0003B946 /* TestingApp */ = {
			isa = PBXGroup;
			children = (
				A4F52CF72622141A004A996B /* Models */,
				A4F52CF32622136A004A996B /* Controllers */,
				A4EE0397261172EC0003B946 /* AppDelegate.swift */,
				A4EE0399261172EC0003B946 /* SceneDelegate.swift */,
				A4EE039D261172EC0003B946 /* Main.storyboard */,
				A4EE03A0261172EF0003B946 /* Assets.xcassets */,
				A4EE03A2261172EF0003B946 /* LaunchScreen.storyboard */,
				A4EE03A5261172EF0003B946 /* Info.plist */,
			);
			path = TestingApp;
			sourceTree = "<group>";
		};
		A4EE03AD261172F00003B946 /* TestingAppTests */ = {
			isa = PBXGroup;
			children = (
				A4EE03AE261172F00003B946 /* TestingAppTests.swift */,
				A4EE03B0261172F00003B946 /* Info.plist */,
			);
			path = TestingAppTests;
			sourceTree = "<group>";
		};
		A4EE03B8261172F00003B946 /* TestingAppUITests */ = {
			isa = PBXGroup;
			children = (
				A4EE03B9261172F00003B946 /* TestingAppUITests.swift */,
				A4EE03BB261172F00003B946 /* Info.plist */,
			);
			path = TestingAppUITests;
			sourceTree = "<group>";
		};
		A4F52CF32622136A004A996B /* Controllers */ = {
			isa = PBXGroup;
			children = (
				A4EE039B261172EC0003B946 /* HomeViewController.swift */,
				A44BFDE0262E3CC100394A68 /* MapViewController.swift */,
			);
			path = Controllers;
			sourceTree = "<group>";
		};
		A4F52CF72622141A004A996B /* Models */ = {
			isa = PBXGroup;
			children = (
				A4FEBBA026262122002090D6 /* Avatar.swift */,
				A47B52202633462900E7B148 /* TestingSite.swift */,
				A4BE4A7926340B8600C07001 /* TestCount.swift */,
			);
			path = Models;
			sourceTree = "<group>";
		};
/* End PBXGroup section */

/* Begin PBXNativeTarget section */
		A4EE0393261172EC0003B946 /* TestingApp */ = {
			isa = PBXNativeTarget;
			buildConfigurationList = A4EE03BE261172F00003B946 /* Build configuration list for PBXNativeTarget "TestingApp" */;
			buildPhases = (
				52870D4CBF5FDCD23DCA06B3 /* [CP] Check Pods Manifest.lock */,
				A4EE0390261172EC0003B946 /* Sources */,
				A4EE0391261172EC0003B946 /* Frameworks */,
				A4EE0392261172EC0003B946 /* Resources */,
				FB8B1A334416394A4C9F88A4 /* [CP] Embed Pods Frameworks */,
			);
			buildRules = (
			);
			dependencies = (
			);
			name = TestingApp;
			productName = TestingApp;
			productReference = A4EE0394261172EC0003B946 /* TestingApp.app */;
			productType = "com.apple.product-type.application";
		};
		A4EE03A9261172F00003B946 /* TestingAppTests */ = {
			isa = PBXNativeTarget;
			buildConfigurationList = A4EE03C1261172F00003B946 /* Build configuration list for PBXNativeTarget "TestingAppTests" */;
			buildPhases = (
				1912A87F4732020FEC6CE1D1 /* [CP] Check Pods Manifest.lock */,
				A4EE03A6261172F00003B946 /* Sources */,
				A4EE03A7261172F00003B946 /* Frameworks */,
				A4EE03A8261172F00003B946 /* Resources */,
			);
			buildRules = (
			);
			dependencies = (
				A4EE03AC261172F00003B946 /* PBXTargetDependency */,
			);
			name = TestingAppTests;
			productName = TestingAppTests;
			productReference = A4EE03AA261172F00003B946 /* TestingAppTests.xctest */;
			productType = "com.apple.product-type.bundle.unit-test";
		};
		A4EE03B4261172F00003B946 /* TestingAppUITests */ = {
			isa = PBXNativeTarget;
			buildConfigurationList = A4EE03C4261172F00003B946 /* Build configuration list for PBXNativeTarget "TestingAppUITests" */;
			buildPhases = (
				E483C5D4D7C5FFC14AC904AF /* [CP] Check Pods Manifest.lock */,
				A4EE03B1261172F00003B946 /* Sources */,
				A4EE03B2261172F00003B946 /* Frameworks */,
				A4EE03B3261172F00003B946 /* Resources */,
				4C3C768AA7B8684AF6A14711 /* [CP] Embed Pods Frameworks */,
			);
			buildRules = (
			);
			dependencies = (
				A4EE03B7261172F00003B946 /* PBXTargetDependency */,
			);
			name = TestingAppUITests;
			productName = TestingAppUITests;
			productReference = A4EE03B5261172F00003B946 /* TestingAppUITests.xctest */;
			productType = "com.apple.product-type.bundle.ui-testing";
		};
/* End PBXNativeTarget section */

/* Begin PBXProject section */
		A4EE038C261172EC0003B946 /* Project object */ = {
			isa = PBXProject;
			attributes = {
				LastSwiftUpdateCheck = 1240;
				LastUpgradeCheck = 1240;
				TargetAttributes = {
					A4EE0393261172EC0003B946 = {
						CreatedOnToolsVersion = 12.4;
					};
					A4EE03A9261172F00003B946 = {
						CreatedOnToolsVersion = 12.4;
						TestTargetID = A4EE0393261172EC0003B946;
					};
					A4EE03B4261172F00003B946 = {
						CreatedOnToolsVersion = 12.4;
						TestTargetID = A4EE0393261172EC0003B946;
					};
				};
			};
			buildConfigurationList = A4EE038F261172EC0003B946 /* Build configuration list for PBXProject "TestingApp" */;
			compatibilityVersion = "Xcode 9.3";
			developmentRegion = en;
			hasScannedForEncodings = 0;
			knownRegions = (
				en,
				Base,
			);
			mainGroup = A4EE038B261172EC0003B946;
			productRefGroup = A4EE0395261172EC0003B946 /* Products */;
			projectDirPath = "";
			projectRoot = "";
			targets = (
				A4EE0393261172EC0003B946 /* TestingApp */,
				A4EE03A9261172F00003B946 /* TestingAppTests */,
				A4EE03B4261172F00003B946 /* TestingAppUITests */,
			);
		};
/* End PBXProject section */

/* Begin PBXResourcesBuildPhase section */
		A4EE0392261172EC0003B946 /* Resources */ = {
			isa = PBXResourcesBuildPhase;
			buildActionMask = 2147483647;
			files = (
				A4EE03A4261172EF0003B946 /* LaunchScreen.storyboard in Resources */,
				A4EE03A1261172EF0003B946 /* Assets.xcassets in Resources */,
				A4EE039F261172EC0003B946 /* Main.storyboard in Resources */,
			);
			runOnlyForDeploymentPostprocessing = 0;
		};
		A4EE03A8261172F00003B946 /* Resources */ = {
			isa = PBXResourcesBuildPhase;
			buildActionMask = 2147483647;
			files = (
			);
			runOnlyForDeploymentPostprocessing = 0;
		};
		A4EE03B3261172F00003B946 /* Resources */ = {
			isa = PBXResourcesBuildPhase;
			buildActionMask = 2147483647;
			files = (
			);
			runOnlyForDeploymentPostprocessing = 0;
		};
/* End PBXResourcesBuildPhase section */

/* Begin PBXShellScriptBuildPhase section */
		1912A87F4732020FEC6CE1D1 /* [CP] Check Pods Manifest.lock */ = {
			isa = PBXShellScriptBuildPhase;
			buildActionMask = 2147483647;
			files = (
			);
			inputFileListPaths = (
			);
			inputPaths = (
				"${PODS_PODFILE_DIR_PATH}/Podfile.lock",
				"${PODS_ROOT}/Manifest.lock",
			);
			name = "[CP] Check Pods Manifest.lock";
			outputFileListPaths = (
			);
			outputPaths = (
				"$(DERIVED_FILE_DIR)/Pods-TestingAppTests-checkManifestLockResult.txt",
			);
			runOnlyForDeploymentPostprocessing = 0;
			shellPath = /bin/sh;
			shellScript = "diff \"${PODS_PODFILE_DIR_PATH}/Podfile.lock\" \"${PODS_ROOT}/Manifest.lock\" > /dev/null\nif [ $? != 0 ] ; then\n    # print error to STDERR\n    echo \"error: The sandbox is not in sync with the Podfile.lock. Run 'pod install' or update your CocoaPods installation.\" >&2\n    exit 1\nfi\n# This output is used by Xcode 'outputs' to avoid re-running this script phase.\necho \"SUCCESS\" > \"${SCRIPT_OUTPUT_FILE_0}\"\n";
			showEnvVarsInLog = 0;
		};
		4C3C768AA7B8684AF6A14711 /* [CP] Embed Pods Frameworks */ = {
			isa = PBXShellScriptBuildPhase;
			buildActionMask = 2147483647;
			files = (
			);
			inputFileListPaths = (
				"${PODS_ROOT}/Target Support Files/Pods-TestingApp-TestingAppUITests/Pods-TestingApp-TestingAppUITests-frameworks-${CONFIGURATION}-input-files.xcfilelist",
			);
			name = "[CP] Embed Pods Frameworks";
			outputFileListPaths = (
				"${PODS_ROOT}/Target Support Files/Pods-TestingApp-TestingAppUITests/Pods-TestingApp-TestingAppUITests-frameworks-${CONFIGURATION}-output-files.xcfilelist",
			);
			runOnlyForDeploymentPostprocessing = 0;
			shellPath = /bin/sh;
			shellScript = "\"${PODS_ROOT}/Target Support Files/Pods-TestingApp-TestingAppUITests/Pods-TestingApp-TestingAppUITests-frameworks.sh\"\n";
			showEnvVarsInLog = 0;
		};
		52870D4CBF5FDCD23DCA06B3 /* [CP] Check Pods Manifest.lock */ = {
			isa = PBXShellScriptBuildPhase;
			buildActionMask = 2147483647;
			files = (
			);
			inputFileListPaths = (
			);
			inputPaths = (
				"${PODS_PODFILE_DIR_PATH}/Podfile.lock",
				"${PODS_ROOT}/Manifest.lock",
			);
			name = "[CP] Check Pods Manifest.lock";
			outputFileListPaths = (
			);
			outputPaths = (
				"$(DERIVED_FILE_DIR)/Pods-TestingApp-checkManifestLockResult.txt",
			);
			runOnlyForDeploymentPostprocessing = 0;
			shellPath = /bin/sh;
			shellScript = "diff \"${PODS_PODFILE_DIR_PATH}/Podfile.lock\" \"${PODS_ROOT}/Manifest.lock\" > /dev/null\nif [ $? != 0 ] ; then\n    # print error to STDERR\n    echo \"error: The sandbox is not in sync with the Podfile.lock. Run 'pod install' or update your CocoaPods installation.\" >&2\n    exit 1\nfi\n# This output is used by Xcode 'outputs' to avoid re-running this script phase.\necho \"SUCCESS\" > \"${SCRIPT_OUTPUT_FILE_0}\"\n";
			showEnvVarsInLog = 0;
		};
		E483C5D4D7C5FFC14AC904AF /* [CP] Check Pods Manifest.lock */ = {
			isa = PBXShellScriptBuildPhase;
			buildActionMask = 2147483647;
			files = (
			);
			inputFileListPaths = (
			);
			inputPaths = (
				"${PODS_PODFILE_DIR_PATH}/Podfile.lock",
				"${PODS_ROOT}/Manifest.lock",
			);
			name = "[CP] Check Pods Manifest.lock";
			outputFileListPaths = (
			);
			outputPaths = (
				"$(DERIVED_FILE_DIR)/Pods-TestingApp-TestingAppUITests-checkManifestLockResult.txt",
			);
			runOnlyForDeploymentPostprocessing = 0;
			shellPath = /bin/sh;
			shellScript = "diff \"${PODS_PODFILE_DIR_PATH}/Podfile.lock\" \"${PODS_ROOT}/Manifest.lock\" > /dev/null\nif [ $? != 0 ] ; then\n    # print error to STDERR\n    echo \"error: The sandbox is not in sync with the Podfile.lock. Run 'pod install' or update your CocoaPods installation.\" >&2\n    exit 1\nfi\n# This output is used by Xcode 'outputs' to avoid re-running this script phase.\necho \"SUCCESS\" > \"${SCRIPT_OUTPUT_FILE_0}\"\n";
			showEnvVarsInLog = 0;
		};
		FB8B1A334416394A4C9F88A4 /* [CP] Embed Pods Frameworks */ = {
			isa = PBXShellScriptBuildPhase;
			buildActionMask = 2147483647;
			files = (
			);
			inputFileListPaths = (
				"${PODS_ROOT}/Target Support Files/Pods-TestingApp/Pods-TestingApp-frameworks-${CONFIGURATION}-input-files.xcfilelist",
			);
			name = "[CP] Embed Pods Frameworks";
			outputFileListPaths = (
				"${PODS_ROOT}/Target Support Files/Pods-TestingApp/Pods-TestingApp-frameworks-${CONFIGURATION}-output-files.xcfilelist",
			);
			runOnlyForDeploymentPostprocessing = 0;
			shellPath = /bin/sh;
			shellScript = "\"${PODS_ROOT}/Target Support Files/Pods-TestingApp/Pods-TestingApp-frameworks.sh\"\n";
			showEnvVarsInLog = 0;
		};
/* End PBXShellScriptBuildPhase section */

/* Begin PBXSourcesBuildPhase section */
		A4EE0390261172EC0003B946 /* Sources */ = {
			isa = PBXSourcesBuildPhase;
			buildActionMask = 2147483647;
			files = (
				A4EE039C261172EC0003B946 /* HomeViewController.swift in Sources */,
				A4BE4A7A26340B8600C07001 /* TestCount.swift in Sources */,
				A4EE0398261172EC0003B946 /* AppDelegate.swift in Sources */,
				A4FEBBA126262122002090D6 /* Avatar.swift in Sources */,
				A47B52212633462900E7B148 /* TestingSite.swift in Sources */,
				A44BFDE1262E3CC100394A68 /* MapViewController.swift in Sources */,
				A4EE039A261172EC0003B946 /* SceneDelegate.swift in Sources */,
			);
			runOnlyForDeploymentPostprocessing = 0;
		};
		A4EE03A6261172F00003B946 /* Sources */ = {
			isa = PBXSourcesBuildPhase;
			buildActionMask = 2147483647;
			files = (
				A4EE03AF261172F00003B946 /* TestingAppTests.swift in Sources */,
			);
			runOnlyForDeploymentPostprocessing = 0;
		};
		A4EE03B1261172F00003B946 /* Sources */ = {
			isa = PBXSourcesBuildPhase;
			buildActionMask = 2147483647;
			files = (
				A4EE03BA261172F00003B946 /* TestingAppUITests.swift in Sources */,
			);
			runOnlyForDeploymentPostprocessing = 0;
		};
/* End PBXSourcesBuildPhase section */

/* Begin PBXTargetDependency section */
		A4EE03AC261172F00003B946 /* PBXTargetDependency */ = {
			isa = PBXTargetDependency;
			target = A4EE0393261172EC0003B946 /* TestingApp */;
			targetProxy = A4EE03AB261172F00003B946 /* PBXContainerItemProxy */;
		};
		A4EE03B7261172F00003B946 /* PBXTargetDependency */ = {
			isa = PBXTargetDependency;
			target = A4EE0393261172EC0003B946 /* TestingApp */;
			targetProxy = A4EE03B6261172F00003B946 /* PBXContainerItemProxy */;
		};
/* End PBXTargetDependency section */

/* Begin PBXVariantGroup section */
		A4EE039D261172EC0003B946 /* Main.storyboard */ = {
			isa = PBXVariantGroup;
			children = (
				A4EE039E261172EC0003B946 /* Base */,
			);
			name = Main.storyboard;
			sourceTree = "<group>";
		};
		A4EE03A2261172EF0003B946 /* LaunchScreen.storyboard */ = {
			isa = PBXVariantGroup;
			children = (
				A4EE03A3261172EF0003B946 /* Base */,
			);
			name = LaunchScreen.storyboard;
			sourceTree = "<group>";
		};
/* End PBXVariantGroup section */

/* Begin XCBuildConfiguration section */
		A4EE03BC261172F00003B946 /* Debug */ = {
			isa = XCBuildConfiguration;
			buildSettings = {
				ALWAYS_SEARCH_USER_PATHS = NO;
				CLANG_ANALYZER_NONNULL = YES;
				CLANG_ANALYZER_NUMBER_OBJECT_CONVERSION = YES_AGGRESSIVE;
				CLANG_CXX_LANGUAGE_STANDARD = "gnu++14";
				CLANG_CXX_LIBRARY = "libc++";
				CLANG_ENABLE_MODULES = YES;
				CLANG_ENABLE_OBJC_ARC = YES;
				CLANG_ENABLE_OBJC_WEAK = YES;
				CLANG_WARN_BLOCK_CAPTURE_AUTORELEASING = YES;
				CLANG_WARN_BOOL_CONVERSION = YES;
				CLANG_WARN_COMMA = YES;
				CLANG_WARN_CONSTANT_CONVERSION = YES;
				CLANG_WARN_DEPRECATED_OBJC_IMPLEMENTATIONS = YES;
				CLANG_WARN_DIRECT_OBJC_ISA_USAGE = YES_ERROR;
				CLANG_WARN_DOCUMENTATION_COMMENTS = YES;
				CLANG_WARN_EMPTY_BODY = YES;
				CLANG_WARN_ENUM_CONVERSION = YES;
				CLANG_WARN_INFINITE_RECURSION = YES;
				CLANG_WARN_INT_CONVERSION = YES;
				CLANG_WARN_NON_LITERAL_NULL_CONVERSION = YES;
				CLANG_WARN_OBJC_IMPLICIT_RETAIN_SELF = YES;
				CLANG_WARN_OBJC_LITERAL_CONVERSION = YES;
				CLANG_WARN_OBJC_ROOT_CLASS = YES_ERROR;
				CLANG_WARN_QUOTED_INCLUDE_IN_FRAMEWORK_HEADER = YES;
				CLANG_WARN_RANGE_LOOP_ANALYSIS = YES;
				CLANG_WARN_STRICT_PROTOTYPES = YES;
				CLANG_WARN_SUSPICIOUS_MOVE = YES;
				CLANG_WARN_UNGUARDED_AVAILABILITY = YES_AGGRESSIVE;
				CLANG_WARN_UNREACHABLE_CODE = YES;
				CLANG_WARN__DUPLICATE_METHOD_MATCH = YES;
				COPY_PHASE_STRIP = NO;
				DEBUG_INFORMATION_FORMAT = dwarf;
				ENABLE_STRICT_OBJC_MSGSEND = YES;
				ENABLE_TESTABILITY = YES;
				GCC_C_LANGUAGE_STANDARD = gnu11;
				GCC_DYNAMIC_NO_PIC = NO;
				GCC_NO_COMMON_BLOCKS = YES;
				GCC_OPTIMIZATION_LEVEL = 0;
				GCC_PREPROCESSOR_DEFINITIONS = (
					"DEBUG=1",
					"$(inherited)",
				);
				GCC_WARN_64_TO_32_BIT_CONVERSION = YES;
				GCC_WARN_ABOUT_RETURN_TYPE = YES_ERROR;
				GCC_WARN_UNDECLARED_SELECTOR = YES;
				GCC_WARN_UNINITIALIZED_AUTOS = YES_AGGRESSIVE;
				GCC_WARN_UNUSED_FUNCTION = YES;
				GCC_WARN_UNUSED_VARIABLE = YES;
				IPHONEOS_DEPLOYMENT_TARGET = 14.4;
				MTL_ENABLE_DEBUG_INFO = INCLUDE_SOURCE;
				MTL_FAST_MATH = YES;
				ONLY_ACTIVE_ARCH = YES;
				SDKROOT = iphoneos;
				SWIFT_ACTIVE_COMPILATION_CONDITIONS = DEBUG;
				SWIFT_OPTIMIZATION_LEVEL = "-Onone";
			};
			name = Debug;
		};
		A4EE03BD261172F00003B946 /* Release */ = {
			isa = XCBuildConfiguration;
			buildSettings = {
				ALWAYS_SEARCH_USER_PATHS = NO;
				CLANG_ANALYZER_NONNULL = YES;
				CLANG_ANALYZER_NUMBER_OBJECT_CONVERSION = YES_AGGRESSIVE;
				CLANG_CXX_LANGUAGE_STANDARD = "gnu++14";
				CLANG_CXX_LIBRARY = "libc++";
				CLANG_ENABLE_MODULES = YES;
				CLANG_ENABLE_OBJC_ARC = YES;
				CLANG_ENABLE_OBJC_WEAK = YES;
				CLANG_WARN_BLOCK_CAPTURE_AUTORELEASING = YES;
				CLANG_WARN_BOOL_CONVERSION = YES;
				CLANG_WARN_COMMA = YES;
				CLANG_WARN_CONSTANT_CONVERSION = YES;
				CLANG_WARN_DEPRECATED_OBJC_IMPLEMENTATIONS = YES;
				CLANG_WARN_DIRECT_OBJC_ISA_USAGE = YES_ERROR;
				CLANG_WARN_DOCUMENTATION_COMMENTS = YES;
				CLANG_WARN_EMPTY_BODY = YES;
				CLANG_WARN_ENUM_CONVERSION = YES;
				CLANG_WARN_INFINITE_RECURSION = YES;
				CLANG_WARN_INT_CONVERSION = YES;
				CLANG_WARN_NON_LITERAL_NULL_CONVERSION = YES;
				CLANG_WARN_OBJC_IMPLICIT_RETAIN_SELF = YES;
				CLANG_WARN_OBJC_LITERAL_CONVERSION = YES;
				CLANG_WARN_OBJC_ROOT_CLASS = YES_ERROR;
				CLANG_WARN_QUOTED_INCLUDE_IN_FRAMEWORK_HEADER = YES;
				CLANG_WARN_RANGE_LOOP_ANALYSIS = YES;
				CLANG_WARN_STRICT_PROTOTYPES = YES;
				CLANG_WARN_SUSPICIOUS_MOVE = YES;
				CLANG_WARN_UNGUARDED_AVAILABILITY = YES_AGGRESSIVE;
				CLANG_WARN_UNREACHABLE_CODE = YES;
				CLANG_WARN__DUPLICATE_METHOD_MATCH = YES;
				COPY_PHASE_STRIP = NO;
				DEBUG_INFORMATION_FORMAT = "dwarf-with-dsym";
				ENABLE_NS_ASSERTIONS = NO;
				ENABLE_STRICT_OBJC_MSGSEND = YES;
				GCC_C_LANGUAGE_STANDARD = gnu11;
				GCC_NO_COMMON_BLOCKS = YES;
				GCC_WARN_64_TO_32_BIT_CONVERSION = YES;
				GCC_WARN_ABOUT_RETURN_TYPE = YES_ERROR;
				GCC_WARN_UNDECLARED_SELECTOR = YES;
				GCC_WARN_UNINITIALIZED_AUTOS = YES_AGGRESSIVE;
				GCC_WARN_UNUSED_FUNCTION = YES;
				GCC_WARN_UNUSED_VARIABLE = YES;
				IPHONEOS_DEPLOYMENT_TARGET = 14.4;
				MTL_ENABLE_DEBUG_INFO = NO;
				MTL_FAST_MATH = YES;
				SDKROOT = iphoneos;
				SWIFT_COMPILATION_MODE = wholemodule;
				SWIFT_OPTIMIZATION_LEVEL = "-O";
				VALIDATE_PRODUCT = YES;
			};
			name = Release;
		};
		A4EE03BF261172F00003B946 /* Debug */ = {
			isa = XCBuildConfiguration;
			baseConfigurationReference = 172C8B9F0A7FBD1CD9B34A2F /* Pods-TestingApp.debug.xcconfig */;
			buildSettings = {
				ASSETCATALOG_COMPILER_APPICON_NAME = AppIcon;
				ASSETCATALOG_COMPILER_GLOBAL_ACCENT_COLOR_NAME = AccentColor;
				CODE_SIGN_STYLE = Automatic;
				DEVELOPMENT_TEAM = GN636R9GCR;
				INFOPLIST_FILE = TestingApp/Info.plist;
				LD_RUNPATH_SEARCH_PATHS = (
					"$(inherited)",
					"@executable_path/Frameworks",
				);
				PRODUCT_BUNDLE_IDENTIFIER = com.dduan008.TestingApp;
				PRODUCT_NAME = "$(TARGET_NAME)";
				SWIFT_VERSION = 5.0;
				TARGETED_DEVICE_FAMILY = "1,2";
			};
			name = Debug;
		};
		A4EE03C0261172F00003B946 /* Release */ = {
			isa = XCBuildConfiguration;
			baseConfigurationReference = 908F81EF206A4BE16DE98DDB /* Pods-TestingApp.release.xcconfig */;
			buildSettings = {
				ASSETCATALOG_COMPILER_APPICON_NAME = AppIcon;
				ASSETCATALOG_COMPILER_GLOBAL_ACCENT_COLOR_NAME = AccentColor;
				CODE_SIGN_STYLE = Automatic;
				DEVELOPMENT_TEAM = GN636R9GCR;
				INFOPLIST_FILE = TestingApp/Info.plist;
				LD_RUNPATH_SEARCH_PATHS = (
					"$(inherited)",
					"@executable_path/Frameworks",
				);
				PRODUCT_BUNDLE_IDENTIFIER = com.dduan008.TestingApp;
				PRODUCT_NAME = "$(TARGET_NAME)";
				SWIFT_VERSION = 5.0;
				TARGETED_DEVICE_FAMILY = "1,2";
			};
			name = Release;
		};
		A4EE03C2261172F00003B946 /* Debug */ = {
			isa = XCBuildConfiguration;
			baseConfigurationReference = 3DD2BB8FB1A4F4D877F7326E /* Pods-TestingAppTests.debug.xcconfig */;
			buildSettings = {
				ALWAYS_EMBED_SWIFT_STANDARD_LIBRARIES = YES;
				BUNDLE_LOADER = "$(TEST_HOST)";
				CODE_SIGN_STYLE = Automatic;
				DEVELOPMENT_TEAM = GN636R9GCR;
				INFOPLIST_FILE = TestingAppTests/Info.plist;
				IPHONEOS_DEPLOYMENT_TARGET = 14.4;
				LD_RUNPATH_SEARCH_PATHS = (
					"$(inherited)",
					"@executable_path/Frameworks",
					"@loader_path/Frameworks",
				);
				PRODUCT_BUNDLE_IDENTIFIER = com.dduan008.TestingAppTests;
				PRODUCT_NAME = "$(TARGET_NAME)";
				SWIFT_VERSION = 5.0;
				TARGETED_DEVICE_FAMILY = "1,2";
				TEST_HOST = "$(BUILT_PRODUCTS_DIR)/TestingApp.app/TestingApp";
			};
			name = Debug;
		};
		A4EE03C3261172F00003B946 /* Release */ = {
			isa = XCBuildConfiguration;
			baseConfigurationReference = 92E14964CFCAFA85B9805888 /* Pods-TestingAppTests.release.xcconfig */;
			buildSettings = {
				ALWAYS_EMBED_SWIFT_STANDARD_LIBRARIES = YES;
				BUNDLE_LOADER = "$(TEST_HOST)";
				CODE_SIGN_STYLE = Automatic;
				DEVELOPMENT_TEAM = GN636R9GCR;
				INFOPLIST_FILE = TestingAppTests/Info.plist;
				IPHONEOS_DEPLOYMENT_TARGET = 14.4;
				LD_RUNPATH_SEARCH_PATHS = (
					"$(inherited)",
					"@executable_path/Frameworks",
					"@loader_path/Frameworks",
				);
				PRODUCT_BUNDLE_IDENTIFIER = com.dduan008.TestingAppTests;
				PRODUCT_NAME = "$(TARGET_NAME)";
				SWIFT_VERSION = 5.0;
				TARGETED_DEVICE_FAMILY = "1,2";
				TEST_HOST = "$(BUILT_PRODUCTS_DIR)/TestingApp.app/TestingApp";
			};
			name = Release;
		};
		A4EE03C5261172F00003B946 /* Debug */ = {
			isa = XCBuildConfiguration;
			baseConfigurationReference = A78E4C3B36C0BC95DCF76554 /* Pods-TestingApp-TestingAppUITests.debug.xcconfig */;
			buildSettings = {
				ALWAYS_EMBED_SWIFT_STANDARD_LIBRARIES = YES;
				CODE_SIGN_STYLE = Automatic;
				DEVELOPMENT_TEAM = GN636R9GCR;
				INFOPLIST_FILE = TestingAppUITests/Info.plist;
				LD_RUNPATH_SEARCH_PATHS = (
					"$(inherited)",
					"@executable_path/Frameworks",
					"@loader_path/Frameworks",
				);
				PRODUCT_BUNDLE_IDENTIFIER = com.dduan008.TestingAppUITests;
				PRODUCT_NAME = "$(TARGET_NAME)";
				SWIFT_VERSION = 5.0;
				TARGETED_DEVICE_FAMILY = "1,2";
				TEST_TARGET_NAME = TestingApp;
			};
			name = Debug;
		};
		A4EE03C6261172F00003B946 /* Release */ = {
			isa = XCBuildConfiguration;
			baseConfigurationReference = 287D707FE8E128F9E40FAD7F /* Pods-TestingApp-TestingAppUITests.release.xcconfig */;
			buildSettings = {
				ALWAYS_EMBED_SWIFT_STANDARD_LIBRARIES = YES;
				CODE_SIGN_STYLE = Automatic;
				DEVELOPMENT_TEAM = GN636R9GCR;
				INFOPLIST_FILE = TestingAppUITests/Info.plist;
				LD_RUNPATH_SEARCH_PATHS = (
					"$(inherited)",
					"@executable_path/Frameworks",
					"@loader_path/Frameworks",
				);
				PRODUCT_BUNDLE_IDENTIFIER = com.dduan008.TestingAppUITests;
				PRODUCT_NAME = "$(TARGET_NAME)";
				SWIFT_VERSION = 5.0;
				TARGETED_DEVICE_FAMILY = "1,2";
				TEST_TARGET_NAME = TestingApp;
			};
			name = Release;
		};
/* End XCBuildConfiguration section */

/* Begin XCConfigurationList section */
		A4EE038F261172EC0003B946 /* Build configuration list for PBXProject "TestingApp" */ = {
			isa = XCConfigurationList;
			buildConfigurations = (
				A4EE03BC261172F00003B946 /* Debug */,
				A4EE03BD261172F00003B946 /* Release */,
			);
			defaultConfigurationIsVisible = 0;
			defaultConfigurationName = Release;
		};
		A4EE03BE261172F00003B946 /* Build configuration list for PBXNativeTarget "TestingApp" */ = {
			isa = XCConfigurationList;
			buildConfigurations = (
				A4EE03BF261172F00003B946 /* Debug */,
				A4EE03C0261172F00003B946 /* Release */,
			);
			defaultConfigurationIsVisible = 0;
			defaultConfigurationName = Release;
		};
		A4EE03C1261172F00003B946 /* Build configuration list for PBXNativeTarget "TestingAppTests" */ = {
			isa = XCConfigurationList;
			buildConfigurations = (
				A4EE03C2261172F00003B946 /* Debug */,
				A4EE03C3261172F00003B946 /* Release */,
			);
			defaultConfigurationIsVisible = 0;
			defaultConfigurationName = Release;
		};
		A4EE03C4261172F00003B946 /* Build configuration list for PBXNativeTarget "TestingAppUITests" */ = {
			isa = XCConfigurationList;
			buildConfigurations = (
				A4EE03C5261172F00003B946 /* Debug */,
				A4EE03C6261172F00003B946 /* Release */,
			);
			defaultConfigurationIsVisible = 0;
			defaultConfigurationName = Release;
		};
/* End XCConfigurationList section */
	};
	rootObject = A4EE038C261172EC0003B946 /* Project object */;
}
